// !$*UTF8*$!
{
	archiveVersion = 1;
	classes = {
	};
	objectVersion = 56;
	objects = {

/* Begin PBXBuildFile section */
		0A13D9C9A00A2DADBD4BBCAB /* Pods_CashBook.framework in Frameworks */ = {isa = PBXBuildFile; fileRef = 3F1C9629AA64F9B8DE233AC6 /* Pods_CashBook.framework */; };
		782E8472B48F5D9A23A68038 /* Pods_CashBook_CashBookUITests.framework in Frameworks */ = {isa = PBXBuildFile; fileRef = A7F7075822690194D6D43029 /* Pods_CashBook_CashBookUITests.framework */; };
		C4198F2C2B631AB600A0DF76 /* DropDownView.swift in Sources */ = {isa = PBXBuildFile; fileRef = C4198F2B2B631AB600A0DF76 /* DropDownView.swift */; };
		C4CDEBB92B6D1435005C6B6C /* BottomSheet.swift in Sources */ = {isa = PBXBuildFile; fileRef = C4CDEBB82B6D1435005C6B6C /* BottomSheet.swift */; };
		C4CDEBBB2B6D147C005C6B6C /* ButtonLarge.swift in Sources */ = {isa = PBXBuildFile; fileRef = C4CDEBBA2B6D147C005C6B6C /* ButtonLarge.swift */; };
		C4CDEBBD2B6D150C005C6B6C /* RoundedCorners.swift in Sources */ = {isa = PBXBuildFile; fileRef = C4CDEBBC2B6D150C005C6B6C /* RoundedCorners.swift */; };
		C4CDEBBF2B6D154B005C6B6C /* OnlineBottomSheet.swift in Sources */ = {isa = PBXBuildFile; fileRef = C4CDEBBE2B6D154B005C6B6C /* OnlineBottomSheet.swift */; };
		C4CDEBC12B6D156D005C6B6C /* OfflineBottomSheet.swift in Sources */ = {isa = PBXBuildFile; fileRef = C4CDEBC02B6D156D005C6B6C /* OfflineBottomSheet.swift */; };
		C4CDEBC32B6D230F005C6B6C /* GoogleService-Info.plist in Resources */ = {isa = PBXBuildFile; fileRef = C4CDEBC22B6D230F005C6B6C /* GoogleService-Info.plist */; };
		C4D1B0D12B6D2E9300B11032 /* FirebaseAnalytics in Frameworks */ = {isa = PBXBuildFile; productRef = C4D1B0D02B6D2E9300B11032 /* FirebaseAnalytics */; };
		C4D1B0D32B6D2E9300B11032 /* FirebaseAuth in Frameworks */ = {isa = PBXBuildFile; productRef = C4D1B0D22B6D2E9300B11032 /* FirebaseAuth */; };
		C4D1B0D52B6D2E9300B11032 /* FirebaseCrashlytics in Frameworks */ = {isa = PBXBuildFile; productRef = C4D1B0D42B6D2E9300B11032 /* FirebaseCrashlytics */; };
		C4D1B0D72B6D2E9300B11032 /* FirebaseDatabase in Frameworks */ = {isa = PBXBuildFile; productRef = C4D1B0D62B6D2E9300B11032 /* FirebaseDatabase */; };
		C4D1B0D92B6D2E9300B11032 /* FirebaseFirestore in Frameworks */ = {isa = PBXBuildFile; productRef = C4D1B0D82B6D2E9300B11032 /* FirebaseFirestore */; };
		C4DD56772B5EA6470066D8A2 /* CashBookApp.swift in Sources */ = {isa = PBXBuildFile; fileRef = C4DD56762B5EA6470066D8A2 /* CashBookApp.swift */; };
		C4DD56792B5EA6470066D8A2 /* ContentView.swift in Sources */ = {isa = PBXBuildFile; fileRef = C4DD56782B5EA6470066D8A2 /* ContentView.swift */; };
		C4DD567B2B5EA6490066D8A2 /* Assets.xcassets in Resources */ = {isa = PBXBuildFile; fileRef = C4DD567A2B5EA6490066D8A2 /* Assets.xcassets */; };
		C4DD567E2B5EA6490066D8A2 /* Preview Assets.xcassets in Resources */ = {isa = PBXBuildFile; fileRef = C4DD567D2B5EA6490066D8A2 /* Preview Assets.xcassets */; };
		C4DD56882B5EA64A0066D8A2 /* CashBookTests.swift in Sources */ = {isa = PBXBuildFile; fileRef = C4DD56872B5EA64A0066D8A2 /* CashBookTests.swift */; };
		C4DD56922B5EA64A0066D8A2 /* CashBookUITests.swift in Sources */ = {isa = PBXBuildFile; fileRef = C4DD56912B5EA64A0066D8A2 /* CashBookUITests.swift */; };
		C4DD56942B5EA64A0066D8A2 /* CashBookUITestsLaunchTests.swift in Sources */ = {isa = PBXBuildFile; fileRef = C4DD56932B5EA64A0066D8A2 /* CashBookUITestsLaunchTests.swift */; };
		C4DD56A32B5EA8120066D8A2 /* Home.swift in Sources */ = {isa = PBXBuildFile; fileRef = C4DD56A22B5EA8120066D8A2 /* Home.swift */; };
		C4DD56A52B5EAD440066D8A2 /* CustomTabBar.swift in Sources */ = {isa = PBXBuildFile; fileRef = C4DD56A42B5EAD440066D8A2 /* CustomTabBar.swift */; };
		C4DD56A82B5F0F210066D8A2 /* Extensions.swift in Sources */ = {isa = PBXBuildFile; fileRef = C4DD56A72B5F0F210066D8A2 /* Extensions.swift */; };
		DD605E9EBDDF87136402ED1D /* Pods_CashBookTests.framework in Frameworks */ = {isa = PBXBuildFile; fileRef = 2AD875A10112E264AAB51F42 /* Pods_CashBookTests.framework */; };
/* End PBXBuildFile section */

/* Begin PBXContainerItemProxy section */
		C4DD56842B5EA64A0066D8A2 /* PBXContainerItemProxy */ = {
			isa = PBXContainerItemProxy;
			containerPortal = C4DD566B2B5EA6470066D8A2 /* Project object */;
			proxyType = 1;
			remoteGlobalIDString = C4DD56722B5EA6470066D8A2;
			remoteInfo = CashBook;
		};
		C4DD568E2B5EA64A0066D8A2 /* PBXContainerItemProxy */ = {
			isa = PBXContainerItemProxy;
			containerPortal = C4DD566B2B5EA6470066D8A2 /* Project object */;
			proxyType = 1;
			remoteGlobalIDString = C4DD56722B5EA6470066D8A2;
			remoteInfo = CashBook;
		};
/* End PBXContainerItemProxy section */

/* Begin PBXFileReference section */
		2AD875A10112E264AAB51F42 /* Pods_CashBookTests.framework */ = {isa = PBXFileReference; explicitFileType = wrapper.framework; includeInIndex = 0; path = Pods_CashBookTests.framework; sourceTree = BUILT_PRODUCTS_DIR; };
		387A068F1C2D17ACEB8DFCC4 /* Pods-CashBook.debug.xcconfig */ = {isa = PBXFileReference; includeInIndex = 1; lastKnownFileType = text.xcconfig; name = "Pods-CashBook.debug.xcconfig"; path = "Target Support Files/Pods-CashBook/Pods-CashBook.debug.xcconfig"; sourceTree = "<group>"; };
		3F1C9629AA64F9B8DE233AC6 /* Pods_CashBook.framework */ = {isa = PBXFileReference; explicitFileType = wrapper.framework; includeInIndex = 0; path = Pods_CashBook.framework; sourceTree = BUILT_PRODUCTS_DIR; };
		769845EF9834D1B5D4D751D9 /* Pods-CashBook-CashBookUITests.release.xcconfig */ = {isa = PBXFileReference; includeInIndex = 1; lastKnownFileType = text.xcconfig; name = "Pods-CashBook-CashBookUITests.release.xcconfig"; path = "Target Support Files/Pods-CashBook-CashBookUITests/Pods-CashBook-CashBookUITests.release.xcconfig"; sourceTree = "<group>"; };
		9624EBF1BF8E1EB2F137301E /* Pods-CashBookTests.debug.xcconfig */ = {isa = PBXFileReference; includeInIndex = 1; lastKnownFileType = text.xcconfig; name = "Pods-CashBookTests.debug.xcconfig"; path = "Target Support Files/Pods-CashBookTests/Pods-CashBookTests.debug.xcconfig"; sourceTree = "<group>"; };
		A7F7075822690194D6D43029 /* Pods_CashBook_CashBookUITests.framework */ = {isa = PBXFileReference; explicitFileType = wrapper.framework; includeInIndex = 0; path = Pods_CashBook_CashBookUITests.framework; sourceTree = BUILT_PRODUCTS_DIR; };
		C2D911B4EEE90EF8C6A6A799 /* Pods-CashBook.release.xcconfig */ = {isa = PBXFileReference; includeInIndex = 1; lastKnownFileType = text.xcconfig; name = "Pods-CashBook.release.xcconfig"; path = "Target Support Files/Pods-CashBook/Pods-CashBook.release.xcconfig"; sourceTree = "<group>"; };
		C4198F2B2B631AB600A0DF76 /* DropDownView.swift */ = {isa = PBXFileReference; lastKnownFileType = sourcecode.swift; path = DropDownView.swift; sourceTree = "<group>"; };
		C4CDEBB82B6D1435005C6B6C /* BottomSheet.swift */ = {isa = PBXFileReference; lastKnownFileType = sourcecode.swift; path = BottomSheet.swift; sourceTree = "<group>"; };
		C4CDEBBA2B6D147C005C6B6C /* ButtonLarge.swift */ = {isa = PBXFileReference; lastKnownFileType = sourcecode.swift; path = ButtonLarge.swift; sourceTree = "<group>"; };
		C4CDEBBC2B6D150C005C6B6C /* RoundedCorners.swift */ = {isa = PBXFileReference; lastKnownFileType = sourcecode.swift; path = RoundedCorners.swift; sourceTree = "<group>"; };
		C4CDEBBE2B6D154B005C6B6C /* OnlineBottomSheet.swift */ = {isa = PBXFileReference; lastKnownFileType = sourcecode.swift; path = OnlineBottomSheet.swift; sourceTree = "<group>"; };
		C4CDEBC02B6D156D005C6B6C /* OfflineBottomSheet.swift */ = {isa = PBXFileReference; lastKnownFileType = sourcecode.swift; path = OfflineBottomSheet.swift; sourceTree = "<group>"; };
		C4CDEBC22B6D230F005C6B6C /* GoogleService-Info.plist */ = {isa = PBXFileReference; fileEncoding = 4; lastKnownFileType = text.plist.xml; name = "GoogleService-Info.plist"; path = "../../../../../../../Downloads/GoogleService-Info.plist"; sourceTree = "<group>"; };
		C4DD56732B5EA6470066D8A2 /* CashBook.app */ = {isa = PBXFileReference; explicitFileType = wrapper.application; includeInIndex = 0; path = CashBook.app; sourceTree = BUILT_PRODUCTS_DIR; };
		C4DD56762B5EA6470066D8A2 /* CashBookApp.swift */ = {isa = PBXFileReference; lastKnownFileType = sourcecode.swift; path = CashBookApp.swift; sourceTree = "<group>"; };
		C4DD56782B5EA6470066D8A2 /* ContentView.swift */ = {isa = PBXFileReference; lastKnownFileType = sourcecode.swift; path = ContentView.swift; sourceTree = "<group>"; };
		C4DD567A2B5EA6490066D8A2 /* Assets.xcassets */ = {isa = PBXFileReference; lastKnownFileType = folder.assetcatalog; path = Assets.xcassets; sourceTree = "<group>"; };
		C4DD567D2B5EA6490066D8A2 /* Preview Assets.xcassets */ = {isa = PBXFileReference; lastKnownFileType = folder.assetcatalog; path = "Preview Assets.xcassets"; sourceTree = "<group>"; };
		C4DD56832B5EA64A0066D8A2 /* CashBookTests.xctest */ = {isa = PBXFileReference; explicitFileType = wrapper.cfbundle; includeInIndex = 0; path = CashBookTests.xctest; sourceTree = BUILT_PRODUCTS_DIR; };
		C4DD56872B5EA64A0066D8A2 /* CashBookTests.swift */ = {isa = PBXFileReference; lastKnownFileType = sourcecode.swift; path = CashBookTests.swift; sourceTree = "<group>"; };
		C4DD568D2B5EA64A0066D8A2 /* CashBookUITests.xctest */ = {isa = PBXFileReference; explicitFileType = wrapper.cfbundle; includeInIndex = 0; path = CashBookUITests.xctest; sourceTree = BUILT_PRODUCTS_DIR; };
		C4DD56912B5EA64A0066D8A2 /* CashBookUITests.swift */ = {isa = PBXFileReference; lastKnownFileType = sourcecode.swift; path = CashBookUITests.swift; sourceTree = "<group>"; };
		C4DD56932B5EA64A0066D8A2 /* CashBookUITestsLaunchTests.swift */ = {isa = PBXFileReference; lastKnownFileType = sourcecode.swift; path = CashBookUITestsLaunchTests.swift; sourceTree = "<group>"; };
		C4DD56A22B5EA8120066D8A2 /* Home.swift */ = {isa = PBXFileReference; lastKnownFileType = sourcecode.swift; path = Home.swift; sourceTree = "<group>"; };
		C4DD56A42B5EAD440066D8A2 /* CustomTabBar.swift */ = {isa = PBXFileReference; lastKnownFileType = sourcecode.swift; path = CustomTabBar.swift; sourceTree = "<group>"; };
		C4DD56A72B5F0F210066D8A2 /* Extensions.swift */ = {isa = PBXFileReference; lastKnownFileType = sourcecode.swift; path = Extensions.swift; sourceTree = "<group>"; };
		E11BE994206F34EB5573FD96 /* Pods-CashBook-CashBookUITests.debug.xcconfig */ = {isa = PBXFileReference; includeInIndex = 1; lastKnownFileType = text.xcconfig; name = "Pods-CashBook-CashBookUITests.debug.xcconfig"; path = "Target Support Files/Pods-CashBook-CashBookUITests/Pods-CashBook-CashBookUITests.debug.xcconfig"; sourceTree = "<group>"; };
		E2A9AB223648F07E729FD6AD /* Pods-CashBookTests.release.xcconfig */ = {isa = PBXFileReference; includeInIndex = 1; lastKnownFileType = text.xcconfig; name = "Pods-CashBookTests.release.xcconfig"; path = "Target Support Files/Pods-CashBookTests/Pods-CashBookTests.release.xcconfig"; sourceTree = "<group>"; };
/* End PBXFileReference section */

/* Begin PBXFrameworksBuildPhase section */
		C4DD56702B5EA6470066D8A2 /* Frameworks */ = {
			isa = PBXFrameworksBuildPhase;
			buildActionMask = 2147483647;
			files = (
				C4D1B0D52B6D2E9300B11032 /* FirebaseCrashlytics in Frameworks */,
				C4D1B0D12B6D2E9300B11032 /* FirebaseAnalytics in Frameworks */,
				C4D1B0D72B6D2E9300B11032 /* FirebaseDatabase in Frameworks */,
				C4D1B0D92B6D2E9300B11032 /* FirebaseFirestore in Frameworks */,
				C4D1B0D32B6D2E9300B11032 /* FirebaseAuth in Frameworks */,
				0A13D9C9A00A2DADBD4BBCAB /* Pods_CashBook.framework in Frameworks */,
			);
			runOnlyForDeploymentPostprocessing = 0;
		};
		C4DD56802B5EA64A0066D8A2 /* Frameworks */ = {
			isa = PBXFrameworksBuildPhase;
			buildActionMask = 2147483647;
			files = (
				DD605E9EBDDF87136402ED1D /* Pods_CashBookTests.framework in Frameworks */,
			);
			runOnlyForDeploymentPostprocessing = 0;
		};
		C4DD568A2B5EA64A0066D8A2 /* Frameworks */ = {
			isa = PBXFrameworksBuildPhase;
			buildActionMask = 2147483647;
			files = (
				782E8472B48F5D9A23A68038 /* Pods_CashBook_CashBookUITests.framework in Frameworks */,
			);
			runOnlyForDeploymentPostprocessing = 0;
		};
/* End PBXFrameworksBuildPhase section */

/* Begin PBXGroup section */
		700CC800437C576447EE07E4 /* Pods */ = {
			isa = PBXGroup;
			children = (
				387A068F1C2D17ACEB8DFCC4 /* Pods-CashBook.debug.xcconfig */,
				C2D911B4EEE90EF8C6A6A799 /* Pods-CashBook.release.xcconfig */,
				E11BE994206F34EB5573FD96 /* Pods-CashBook-CashBookUITests.debug.xcconfig */,
				769845EF9834D1B5D4D751D9 /* Pods-CashBook-CashBookUITests.release.xcconfig */,
				9624EBF1BF8E1EB2F137301E /* Pods-CashBookTests.debug.xcconfig */,
				E2A9AB223648F07E729FD6AD /* Pods-CashBookTests.release.xcconfig */,
			);
			name = Pods;
			path = Pods;
			sourceTree = "<group>";
		};
		C4198F2A2B631AA400A0DF76 /* Components */ = {
			isa = PBXGroup;
			children = (
				C4198F2B2B631AB600A0DF76 /* DropDownView.swift */,
				C4CDEBB82B6D1435005C6B6C /* BottomSheet.swift */,
				C4CDEBBA2B6D147C005C6B6C /* ButtonLarge.swift */,
				C4CDEBBC2B6D150C005C6B6C /* RoundedCorners.swift */,
				C4CDEBBE2B6D154B005C6B6C /* OnlineBottomSheet.swift */,
				C4CDEBC02B6D156D005C6B6C /* OfflineBottomSheet.swift */,
			);
			path = Components;
			sourceTree = "<group>";
		};
		C4DD566A2B5EA6470066D8A2 = {
			isa = PBXGroup;
			children = (
				C4DD56752B5EA6470066D8A2 /* CashBook */,
				C4DD56862B5EA64A0066D8A2 /* CashBookTests */,
				C4DD56902B5EA64A0066D8A2 /* CashBookUITests */,
				C4DD56742B5EA6470066D8A2 /* Products */,
				700CC800437C576447EE07E4 /* Pods */,
				DC5926E79CEC5EDDE9ECD474 /* Frameworks */,
			);
			sourceTree = "<group>";
		};
		C4DD56742B5EA6470066D8A2 /* Products */ = {
			isa = PBXGroup;
			children = (
				C4DD56732B5EA6470066D8A2 /* CashBook.app */,
				C4DD56832B5EA64A0066D8A2 /* CashBookTests.xctest */,
				C4DD568D2B5EA64A0066D8A2 /* CashBookUITests.xctest */,
			);
			name = Products;
			sourceTree = "<group>";
		};
		C4DD56752B5EA6470066D8A2 /* CashBook */ = {
			isa = PBXGroup;
			children = (
				C4CDEBC22B6D230F005C6B6C /* GoogleService-Info.plist */,
				C4DD56A62B5F0F120066D8A2 /* Extensions */,
				C4DD56A02B5EA7D80066D8A2 /* Views */,
				C4DD56762B5EA6470066D8A2 /* CashBookApp.swift */,
				C4DD56782B5EA6470066D8A2 /* ContentView.swift */,
				C4DD567A2B5EA6490066D8A2 /* Assets.xcassets */,
				C4DD567C2B5EA6490066D8A2 /* Preview Content */,
			);
			path = CashBook;
			sourceTree = "<group>";
		};
		C4DD567C2B5EA6490066D8A2 /* Preview Content */ = {
			isa = PBXGroup;
			children = (
				C4DD567D2B5EA6490066D8A2 /* Preview Assets.xcassets */,
			);
			path = "Preview Content";
			sourceTree = "<group>";
		};
		C4DD56862B5EA64A0066D8A2 /* CashBookTests */ = {
			isa = PBXGroup;
			children = (
				C4DD56872B5EA64A0066D8A2 /* CashBookTests.swift */,
			);
			path = CashBookTests;
			sourceTree = "<group>";
		};
		C4DD56902B5EA64A0066D8A2 /* CashBookUITests */ = {
			isa = PBXGroup;
			children = (
				C4DD56912B5EA64A0066D8A2 /* CashBookUITests.swift */,
				C4DD56932B5EA64A0066D8A2 /* CashBookUITestsLaunchTests.swift */,
			);
			path = CashBookUITests;
			sourceTree = "<group>";
		};
		C4DD56A02B5EA7D80066D8A2 /* Views */ = {
			isa = PBXGroup;
			children = (
				C4198F2A2B631AA400A0DF76 /* Components */,
				C4DD56A12B5EA7EF0066D8A2 /* Home */,
			);
			path = Views;
			sourceTree = "<group>";
		};
		C4DD56A12B5EA7EF0066D8A2 /* Home */ = {
			isa = PBXGroup;
			children = (
				C4DD56A22B5EA8120066D8A2 /* Home.swift */,
				C4DD56A42B5EAD440066D8A2 /* CustomTabBar.swift */,
			);
			path = Home;
			sourceTree = "<group>";
		};
		C4DD56A62B5F0F120066D8A2 /* Extensions */ = {
			isa = PBXGroup;
			children = (
				C4DD56A72B5F0F210066D8A2 /* Extensions.swift */,
			);
			path = Extensions;
			sourceTree = "<group>";
		};
		DC5926E79CEC5EDDE9ECD474 /* Frameworks */ = {
			isa = PBXGroup;
			children = (
				3F1C9629AA64F9B8DE233AC6 /* Pods_CashBook.framework */,
				A7F7075822690194D6D43029 /* Pods_CashBook_CashBookUITests.framework */,
				2AD875A10112E264AAB51F42 /* Pods_CashBookTests.framework */,
			);
			name = Frameworks;
			sourceTree = "<group>";
		};
/* End PBXGroup section */

/* Begin PBXNativeTarget section */
		C4DD56722B5EA6470066D8A2 /* CashBook */ = {
			isa = PBXNativeTarget;
			buildConfigurationList = C4DD56972B5EA64A0066D8A2 /* Build configuration list for PBXNativeTarget "CashBook" */;
			buildPhases = (
				868BB968DAF36F3BB5C5C64F /* [CP] Check Pods Manifest.lock */,
				C4DD566F2B5EA6470066D8A2 /* Sources */,
				C4DD56702B5EA6470066D8A2 /* Frameworks */,
				C4DD56712B5EA6470066D8A2 /* Resources */,
			);
			buildRules = (
			);
			dependencies = (
			);
			name = CashBook;
			packageProductDependencies = (
				C4D1B0D02B6D2E9300B11032 /* FirebaseAnalytics */,
				C4D1B0D22B6D2E9300B11032 /* FirebaseAuth */,
				C4D1B0D42B6D2E9300B11032 /* FirebaseCrashlytics */,
				C4D1B0D62B6D2E9300B11032 /* FirebaseDatabase */,
				C4D1B0D82B6D2E9300B11032 /* FirebaseFirestore */,
			);
			productName = CashBook;
			productReference = C4DD56732B5EA6470066D8A2 /* CashBook.app */;
			productType = "com.apple.product-type.application";
		};
		C4DD56822B5EA64A0066D8A2 /* CashBookTests */ = {
			isa = PBXNativeTarget;
			buildConfigurationList = C4DD569A2B5EA64A0066D8A2 /* Build configuration list for PBXNativeTarget "CashBookTests" */;
			buildPhases = (
				BAB8E20E8668EE27190016C6 /* [CP] Check Pods Manifest.lock */,
				C4DD567F2B5EA64A0066D8A2 /* Sources */,
				C4DD56802B5EA64A0066D8A2 /* Frameworks */,
				C4DD56812B5EA64A0066D8A2 /* Resources */,
			);
			buildRules = (
			);
			dependencies = (
				C4DD56852B5EA64A0066D8A2 /* PBXTargetDependency */,
			);
			name = CashBookTests;
			productName = CashBookTests;
			productReference = C4DD56832B5EA64A0066D8A2 /* CashBookTests.xctest */;
			productType = "com.apple.product-type.bundle.unit-test";
		};
		C4DD568C2B5EA64A0066D8A2 /* CashBookUITests */ = {
			isa = PBXNativeTarget;
			buildConfigurationList = C4DD569D2B5EA64A0066D8A2 /* Build configuration list for PBXNativeTarget "CashBookUITests" */;
			buildPhases = (
				6AC7D07E71F7272B14F01D33 /* [CP] Check Pods Manifest.lock */,
				C4DD56892B5EA64A0066D8A2 /* Sources */,
				C4DD568A2B5EA64A0066D8A2 /* Frameworks */,
				C4DD568B2B5EA64A0066D8A2 /* Resources */,
			);
			buildRules = (
			);
			dependencies = (
				C4DD568F2B5EA64A0066D8A2 /* PBXTargetDependency */,
			);
			name = CashBookUITests;
			productName = CashBookUITests;
			productReference = C4DD568D2B5EA64A0066D8A2 /* CashBookUITests.xctest */;
			productType = "com.apple.product-type.bundle.ui-testing";
		};
/* End PBXNativeTarget section */

/* Begin PBXProject section */
		C4DD566B2B5EA6470066D8A2 /* Project object */ = {
			isa = PBXProject;
			attributes = {
				BuildIndependentTargetsInParallel = 1;
				LastSwiftUpdateCheck = 1520;
				LastUpgradeCheck = 1520;
				TargetAttributes = {
					C4DD56722B5EA6470066D8A2 = {
						CreatedOnToolsVersion = 15.2;
					};
					C4DD56822B5EA64A0066D8A2 = {
						CreatedOnToolsVersion = 15.2;
						TestTargetID = C4DD56722B5EA6470066D8A2;
					};
					C4DD568C2B5EA64A0066D8A2 = {
						CreatedOnToolsVersion = 15.2;
						TestTargetID = C4DD56722B5EA6470066D8A2;
					};
				};
			};
			buildConfigurationList = C4DD566E2B5EA6470066D8A2 /* Build configuration list for PBXProject "CashBook" */;
			compatibilityVersion = "Xcode 14.0";
			developmentRegion = en;
			hasScannedForEncodings = 0;
			knownRegions = (
				en,
				Base,
			);
			mainGroup = C4DD566A2B5EA6470066D8A2;
			packageReferences = (
				C4CDEBC42B6D29EF005C6B6C /* XCRemoteSwiftPackageReference "firebase-ios-sdk" */,
			);
			productRefGroup = C4DD56742B5EA6470066D8A2 /* Products */;
			projectDirPath = "";
			projectRoot = "";
			targets = (
				C4DD56722B5EA6470066D8A2 /* CashBook */,
				C4DD56822B5EA64A0066D8A2 /* CashBookTests */,
				C4DD568C2B5EA64A0066D8A2 /* CashBookUITests */,
			);
		};
/* End PBXProject section */

/* Begin PBXResourcesBuildPhase section */
		C4DD56712B5EA6470066D8A2 /* Resources */ = {
			isa = PBXResourcesBuildPhase;
			buildActionMask = 2147483647;
			files = (
				C4DD567E2B5EA6490066D8A2 /* Preview Assets.xcassets in Resources */,
				C4DD567B2B5EA6490066D8A2 /* Assets.xcassets in Resources */,
				C4CDEBC32B6D230F005C6B6C /* GoogleService-Info.plist in Resources */,
			);
			runOnlyForDeploymentPostprocessing = 0;
		};
		C4DD56812B5EA64A0066D8A2 /* Resources */ = {
			isa = PBXResourcesBuildPhase;
			buildActionMask = 2147483647;
			files = (
			);
			runOnlyForDeploymentPostprocessing = 0;
		};
		C4DD568B2B5EA64A0066D8A2 /* Resources */ = {
			isa = PBXResourcesBuildPhase;
			buildActionMask = 2147483647;
			files = (
			);
			runOnlyForDeploymentPostprocessing = 0;
		};
/* End PBXResourcesBuildPhase section */

/* Begin PBXShellScriptBuildPhase section */
		6AC7D07E71F7272B14F01D33 /* [CP] Check Pods Manifest.lock */ = {
			isa = PBXShellScriptBuildPhase;
			buildActionMask = 2147483647;
			files = (
			);
			inputFileListPaths = (
			);
			inputPaths = (
				"${PODS_PODFILE_DIR_PATH}/Podfile.lock",
				"${PODS_ROOT}/Manifest.lock",
			);
			name = "[CP] Check Pods Manifest.lock";
			outputFileListPaths = (
			);
			outputPaths = (
				"$(DERIVED_FILE_DIR)/Pods-CashBook-CashBookUITests-checkManifestLockResult.txt",
			);
			runOnlyForDeploymentPostprocessing = 0;
			shellPath = /bin/sh;
			shellScript = "diff \"${PODS_PODFILE_DIR_PATH}/Podfile.lock\" \"${PODS_ROOT}/Manifest.lock\" > /dev/null\nif [ $? != 0 ] ; then\n    # print error to STDERR\n    echo \"error: The sandbox is not in sync with the Podfile.lock. Run 'pod install' or update your CocoaPods installation.\" >&2\n    exit 1\nfi\n# This output is used by Xcode 'outputs' to avoid re-running this script phase.\necho \"SUCCESS\" > \"${SCRIPT_OUTPUT_FILE_0}\"\n";
			showEnvVarsInLog = 0;
		};
		868BB968DAF36F3BB5C5C64F /* [CP] Check Pods Manifest.lock */ = {
			isa = PBXShellScriptBuildPhase;
			buildActionMask = 2147483647;
			files = (
			);
			inputFileListPaths = (
			);
			inputPaths = (
				"${PODS_PODFILE_DIR_PATH}/Podfile.lock",
				"${PODS_ROOT}/Manifest.lock",
			);
			name = "[CP] Check Pods Manifest.lock";
			outputFileListPaths = (
			);
			outputPaths = (
				"$(DERIVED_FILE_DIR)/Pods-CashBook-checkManifestLockResult.txt",
			);
			runOnlyForDeploymentPostprocessing = 0;
			shellPath = /bin/sh;
			shellScript = "diff \"${PODS_PODFILE_DIR_PATH}/Podfile.lock\" \"${PODS_ROOT}/Manifest.lock\" > /dev/null\nif [ $? != 0 ] ; then\n    # print error to STDERR\n    echo \"error: The sandbox is not in sync with the Podfile.lock. Run 'pod install' or update your CocoaPods installation.\" >&2\n    exit 1\nfi\n# This output is used by Xcode 'outputs' to avoid re-running this script phase.\necho \"SUCCESS\" > \"${SCRIPT_OUTPUT_FILE_0}\"\n";
			showEnvVarsInLog = 0;
		};
		BAB8E20E8668EE27190016C6 /* [CP] Check Pods Manifest.lock */ = {
			isa = PBXShellScriptBuildPhase;
			buildActionMask = 2147483647;
			files = (
			);
			inputFileListPaths = (
			);
			inputPaths = (
				"${PODS_PODFILE_DIR_PATH}/Podfile.lock",
				"${PODS_ROOT}/Manifest.lock",
			);
			name = "[CP] Check Pods Manifest.lock";
			outputFileListPaths = (
			);
			outputPaths = (
				"$(DERIVED_FILE_DIR)/Pods-CashBookTests-checkManifestLockResult.txt",
			);
			runOnlyForDeploymentPostprocessing = 0;
			shellPath = /bin/sh;
			shellScript = "diff \"${PODS_PODFILE_DIR_PATH}/Podfile.lock\" \"${PODS_ROOT}/Manifest.lock\" > /dev/null\nif [ $? != 0 ] ; then\n    # print error to STDERR\n    echo \"error: The sandbox is not in sync with the Podfile.lock. Run 'pod install' or update your CocoaPods installation.\" >&2\n    exit 1\nfi\n# This output is used by Xcode 'outputs' to avoid re-running this script phase.\necho \"SUCCESS\" > \"${SCRIPT_OUTPUT_FILE_0}\"\n";
			showEnvVarsInLog = 0;
		};
/* End PBXShellScriptBuildPhase section */

/* Begin PBXSourcesBuildPhase section */
		C4DD566F2B5EA6470066D8A2 /* Sources */ = {
			isa = PBXSourcesBuildPhase;
			buildActionMask = 2147483647;
			files = (
				C4DD56A82B5F0F210066D8A2 /* Extensions.swift in Sources */,
				C4DD56A52B5EAD440066D8A2 /* CustomTabBar.swift in Sources */,
				C4CDEBB92B6D1435005C6B6C /* BottomSheet.swift in Sources */,
				C4CDEBBB2B6D147C005C6B6C /* ButtonLarge.swift in Sources */,
				C4DD56792B5EA6470066D8A2 /* ContentView.swift in Sources */,
				C4DD56A32B5EA8120066D8A2 /* Home.swift in Sources */,
				C4DD56772B5EA6470066D8A2 /* CashBookApp.swift in Sources */,
				C4CDEBBD2B6D150C005C6B6C /* RoundedCorners.swift in Sources */,
				C4198F2C2B631AB600A0DF76 /* DropDownView.swift in Sources */,
				C4CDEBC12B6D156D005C6B6C /* OfflineBottomSheet.swift in Sources */,
				C4CDEBBF2B6D154B005C6B6C /* OnlineBottomSheet.swift in Sources */,
			);
			runOnlyForDeploymentPostprocessing = 0;
		};
		C4DD567F2B5EA64A0066D8A2 /* Sources */ = {
			isa = PBXSourcesBuildPhase;
			buildActionMask = 2147483647;
			files = (
				C4DD56882B5EA64A0066D8A2 /* CashBookTests.swift in Sources */,
			);
			runOnlyForDeploymentPostprocessing = 0;
		};
		C4DD56892B5EA64A0066D8A2 /* Sources */ = {
			isa = PBXSourcesBuildPhase;
			buildActionMask = 2147483647;
			files = (
				C4DD56942B5EA64A0066D8A2 /* CashBookUITestsLaunchTests.swift in Sources */,
				C4DD56922B5EA64A0066D8A2 /* CashBookUITests.swift in Sources */,
			);
			runOnlyForDeploymentPostprocessing = 0;
		};
/* End PBXSourcesBuildPhase section */

/* Begin PBXTargetDependency section */
		C4DD56852B5EA64A0066D8A2 /* PBXTargetDependency */ = {
			isa = PBXTargetDependency;
			target = C4DD56722B5EA6470066D8A2 /* CashBook */;
			targetProxy = C4DD56842B5EA64A0066D8A2 /* PBXContainerItemProxy */;
		};
		C4DD568F2B5EA64A0066D8A2 /* PBXTargetDependency */ = {
			isa = PBXTargetDependency;
			target = C4DD56722B5EA6470066D8A2 /* CashBook */;
			targetProxy = C4DD568E2B5EA64A0066D8A2 /* PBXContainerItemProxy */;
		};
/* End PBXTargetDependency section */

/* Begin XCBuildConfiguration section */
		C4DD56952B5EA64A0066D8A2 /* Debug */ = {
			isa = XCBuildConfiguration;
			buildSettings = {
				ALWAYS_SEARCH_USER_PATHS = NO;
				ASSETCATALOG_COMPILER_GENERATE_SWIFT_ASSET_SYMBOL_EXTENSIONS = YES;
				CLANG_ANALYZER_NONNULL = YES;
				CLANG_ANALYZER_NUMBER_OBJECT_CONVERSION = YES_AGGRESSIVE;
				CLANG_CXX_LANGUAGE_STANDARD = "gnu++20";
				CLANG_ENABLE_MODULES = YES;
				CLANG_ENABLE_OBJC_ARC = YES;
				CLANG_ENABLE_OBJC_WEAK = YES;
				CLANG_WARN_BLOCK_CAPTURE_AUTORELEASING = YES;
				CLANG_WARN_BOOL_CONVERSION = YES;
				CLANG_WARN_COMMA = YES;
				CLANG_WARN_CONSTANT_CONVERSION = YES;
				CLANG_WARN_DEPRECATED_OBJC_IMPLEMENTATIONS = YES;
				CLANG_WARN_DIRECT_OBJC_ISA_USAGE = YES_ERROR;
				CLANG_WARN_DOCUMENTATION_COMMENTS = YES;
				CLANG_WARN_EMPTY_BODY = YES;
				CLANG_WARN_ENUM_CONVERSION = YES;
				CLANG_WARN_INFINITE_RECURSION = YES;
				CLANG_WARN_INT_CONVERSION = YES;
				CLANG_WARN_NON_LITERAL_NULL_CONVERSION = YES;
				CLANG_WARN_OBJC_IMPLICIT_RETAIN_SELF = YES;
				CLANG_WARN_OBJC_LITERAL_CONVERSION = YES;
				CLANG_WARN_OBJC_ROOT_CLASS = YES_ERROR;
				CLANG_WARN_QUOTED_INCLUDE_IN_FRAMEWORK_HEADER = YES;
				CLANG_WARN_RANGE_LOOP_ANALYSIS = YES;
				CLANG_WARN_STRICT_PROTOTYPES = YES;
				CLANG_WARN_SUSPICIOUS_MOVE = YES;
				CLANG_WARN_UNGUARDED_AVAILABILITY = YES_AGGRESSIVE;
				CLANG_WARN_UNREACHABLE_CODE = YES;
				CLANG_WARN__DUPLICATE_METHOD_MATCH = YES;
				COPY_PHASE_STRIP = NO;
				DEBUG_INFORMATION_FORMAT = dwarf;
				ENABLE_STRICT_OBJC_MSGSEND = YES;
				ENABLE_TESTABILITY = YES;
				ENABLE_USER_SCRIPT_SANDBOXING = YES;
				GCC_C_LANGUAGE_STANDARD = gnu17;
				GCC_DYNAMIC_NO_PIC = NO;
				GCC_NO_COMMON_BLOCKS = YES;
				GCC_OPTIMIZATION_LEVEL = 0;
				GCC_PREPROCESSOR_DEFINITIONS = (
					"DEBUG=1",
					"$(inherited)",
				);
				GCC_WARN_64_TO_32_BIT_CONVERSION = YES;
				GCC_WARN_ABOUT_RETURN_TYPE = YES_ERROR;
				GCC_WARN_UNDECLARED_SELECTOR = YES;
				GCC_WARN_UNINITIALIZED_AUTOS = YES_AGGRESSIVE;
				GCC_WARN_UNUSED_FUNCTION = YES;
				GCC_WARN_UNUSED_VARIABLE = YES;
				IPHONEOS_DEPLOYMENT_TARGET = 17.2;
				LOCALIZATION_PREFERS_STRING_CATALOGS = YES;
				MTL_ENABLE_DEBUG_INFO = INCLUDE_SOURCE;
				MTL_FAST_MATH = YES;
				ONLY_ACTIVE_ARCH = YES;
				SDKROOT = iphoneos;
				SWIFT_ACTIVE_COMPILATION_CONDITIONS = "DEBUG $(inherited)";
				SWIFT_OPTIMIZATION_LEVEL = "-Onone";
			};
			name = Debug;
		};
		C4DD56962B5EA64A0066D8A2 /* Release */ = {
			isa = XCBuildConfiguration;
			buildSettings = {
				ALWAYS_SEARCH_USER_PATHS = NO;
				ASSETCATALOG_COMPILER_GENERATE_SWIFT_ASSET_SYMBOL_EXTENSIONS = YES;
				CLANG_ANALYZER_NONNULL = YES;
				CLANG_ANALYZER_NUMBER_OBJECT_CONVERSION = YES_AGGRESSIVE;
				CLANG_CXX_LANGUAGE_STANDARD = "gnu++20";
				CLANG_ENABLE_MODULES = YES;
				CLANG_ENABLE_OBJC_ARC = YES;
				CLANG_ENABLE_OBJC_WEAK = YES;
				CLANG_WARN_BLOCK_CAPTURE_AUTORELEASING = YES;
				CLANG_WARN_BOOL_CONVERSION = YES;
				CLANG_WARN_COMMA = YES;
				CLANG_WARN_CONSTANT_CONVERSION = YES;
				CLANG_WARN_DEPRECATED_OBJC_IMPLEMENTATIONS = YES;
				CLANG_WARN_DIRECT_OBJC_ISA_USAGE = YES_ERROR;
				CLANG_WARN_DOCUMENTATION_COMMENTS = YES;
				CLANG_WARN_EMPTY_BODY = YES;
				CLANG_WARN_ENUM_CONVERSION = YES;
				CLANG_WARN_INFINITE_RECURSION = YES;
				CLANG_WARN_INT_CONVERSION = YES;
				CLANG_WARN_NON_LITERAL_NULL_CONVERSION = YES;
				CLANG_WARN_OBJC_IMPLICIT_RETAIN_SELF = YES;
				CLANG_WARN_OBJC_LITERAL_CONVERSION = YES;
				CLANG_WARN_OBJC_ROOT_CLASS = YES_ERROR;
				CLANG_WARN_QUOTED_INCLUDE_IN_FRAMEWORK_HEADER = YES;
				CLANG_WARN_RANGE_LOOP_ANALYSIS = YES;
				CLANG_WARN_STRICT_PROTOTYPES = YES;
				CLANG_WARN_SUSPICIOUS_MOVE = YES;
				CLANG_WARN_UNGUARDED_AVAILABILITY = YES_AGGRESSIVE;
				CLANG_WARN_UNREACHABLE_CODE = YES;
				CLANG_WARN__DUPLICATE_METHOD_MATCH = YES;
				COPY_PHASE_STRIP = NO;
				DEBUG_INFORMATION_FORMAT = "dwarf-with-dsym";
				ENABLE_NS_ASSERTIONS = NO;
				ENABLE_STRICT_OBJC_MSGSEND = YES;
				ENABLE_USER_SCRIPT_SANDBOXING = YES;
				GCC_C_LANGUAGE_STANDARD = gnu17;
				GCC_NO_COMMON_BLOCKS = YES;
				GCC_WARN_64_TO_32_BIT_CONVERSION = YES;
				GCC_WARN_ABOUT_RETURN_TYPE = YES_ERROR;
				GCC_WARN_UNDECLARED_SELECTOR = YES;
				GCC_WARN_UNINITIALIZED_AUTOS = YES_AGGRESSIVE;
				GCC_WARN_UNUSED_FUNCTION = YES;
				GCC_WARN_UNUSED_VARIABLE = YES;
				IPHONEOS_DEPLOYMENT_TARGET = 17.2;
				LOCALIZATION_PREFERS_STRING_CATALOGS = YES;
				MTL_ENABLE_DEBUG_INFO = NO;
				MTL_FAST_MATH = YES;
				SDKROOT = iphoneos;
				SWIFT_COMPILATION_MODE = wholemodule;
				VALIDATE_PRODUCT = YES;
			};
			name = Release;
		};
		C4DD56982B5EA64A0066D8A2 /* Debug */ = {
			isa = XCBuildConfiguration;
			baseConfigurationReference = 387A068F1C2D17ACEB8DFCC4 /* Pods-CashBook.debug.xcconfig */;
			buildSettings = {
				ASSETCATALOG_COMPILER_APPICON_NAME = AppIcon;
				ASSETCATALOG_COMPILER_GLOBAL_ACCENT_COLOR_NAME = AccentColor;
				CODE_SIGN_STYLE = Automatic;
				CURRENT_PROJECT_VERSION = 1;
				DEVELOPMENT_ASSET_PATHS = "\"CashBook/Preview Content\"";
				DEVELOPMENT_TEAM = EEM9997Q9G;
				ENABLE_PREVIEWS = YES;
				GENERATE_INFOPLIST_FILE = YES;
				INFOPLIST_KEY_UIApplicationSceneManifest_Generation = YES;
				INFOPLIST_KEY_UIApplicationSupportsIndirectInputEvents = YES;
				INFOPLIST_KEY_UILaunchScreen_Generation = YES;
				INFOPLIST_KEY_UISupportedInterfaceOrientations_iPad = "UIInterfaceOrientationPortrait UIInterfaceOrientationPortraitUpsideDown UIInterfaceOrientationLandscapeLeft UIInterfaceOrientationLandscapeRight";
				INFOPLIST_KEY_UISupportedInterfaceOrientations_iPhone = "UIInterfaceOrientationPortrait UIInterfaceOrientationLandscapeLeft UIInterfaceOrientationLandscapeRight";
				LD_RUNPATH_SEARCH_PATHS = (
					"$(inherited)",
					"@executable_path/Frameworks",
				);
				MARKETING_VERSION = 1.0;
				PRODUCT_BUNDLE_IDENTIFIER = com.tr.cashbook;
				PRODUCT_NAME = "$(TARGET_NAME)";
				SWIFT_EMIT_LOC_STRINGS = YES;
				SWIFT_VERSION = 5.0;
				TARGETED_DEVICE_FAMILY = "1,2";
			};
			name = Debug;
		};
		C4DD56992B5EA64A0066D8A2 /* Release */ = {
			isa = XCBuildConfiguration;
			baseConfigurationReference = C2D911B4EEE90EF8C6A6A799 /* Pods-CashBook.release.xcconfig */;
			buildSettings = {
				ASSETCATALOG_COMPILER_APPICON_NAME = AppIcon;
				ASSETCATALOG_COMPILER_GLOBAL_ACCENT_COLOR_NAME = AccentColor;
				CODE_SIGN_STYLE = Automatic;
				CURRENT_PROJECT_VERSION = 1;
				DEVELOPMENT_ASSET_PATHS = "\"CashBook/Preview Content\"";
				DEVELOPMENT_TEAM = EEM9997Q9G;
				ENABLE_PREVIEWS = YES;
				GENERATE_INFOPLIST_FILE = YES;
				INFOPLIST_KEY_UIApplicationSceneManifest_Generation = YES;
				INFOPLIST_KEY_UIApplicationSupportsIndirectInputEvents = YES;
				INFOPLIST_KEY_UILaunchScreen_Generation = YES;
				INFOPLIST_KEY_UISupportedInterfaceOrientations_iPad = "UIInterfaceOrientationPortrait UIInterfaceOrientationPortraitUpsideDown UIInterfaceOrientationLandscapeLeft UIInterfaceOrientationLandscapeRight";
				INFOPLIST_KEY_UISupportedInterfaceOrientations_iPhone = "UIInterfaceOrientationPortrait UIInterfaceOrientationLandscapeLeft UIInterfaceOrientationLandscapeRight";
				LD_RUNPATH_SEARCH_PATHS = (
					"$(inherited)",
					"@executable_path/Frameworks",
				);
				MARKETING_VERSION = 1.0;
				PRODUCT_BUNDLE_IDENTIFIER = com.tr.cashbook;
				PRODUCT_NAME = "$(TARGET_NAME)";
				SWIFT_EMIT_LOC_STRINGS = YES;
				SWIFT_VERSION = 5.0;
				TARGETED_DEVICE_FAMILY = "1,2";
			};
			name = Release;
		};
		C4DD569B2B5EA64A0066D8A2 /* Debug */ = {
			isa = XCBuildConfiguration;
			baseConfigurationReference = 9624EBF1BF8E1EB2F137301E /* Pods-CashBookTests.debug.xcconfig */;
			buildSettings = {
				ALWAYS_EMBED_SWIFT_STANDARD_LIBRARIES = YES;
				BUNDLE_LOADER = "$(TEST_HOST)";
				CODE_SIGN_STYLE = Automatic;
				CURRENT_PROJECT_VERSION = 1;
				GENERATE_INFOPLIST_FILE = YES;
				IPHONEOS_DEPLOYMENT_TARGET = 17.2;
				MARKETING_VERSION = 1.0;
				PRODUCT_BUNDLE_IDENTIFIER = com.tr.CashBookTests;
				PRODUCT_NAME = "$(TARGET_NAME)";
				SWIFT_EMIT_LOC_STRINGS = NO;
				SWIFT_VERSION = 5.0;
				TARGETED_DEVICE_FAMILY = "1,2";
				TEST_HOST = "$(BUILT_PRODUCTS_DIR)/CashBook.app/$(BUNDLE_EXECUTABLE_FOLDER_PATH)/CashBook";
			};
			name = Debug;
		};
		C4DD569C2B5EA64A0066D8A2 /* Release */ = {
			isa = XCBuildConfiguration;
			baseConfigurationReference = E2A9AB223648F07E729FD6AD /* Pods-CashBookTests.release.xcconfig */;
			buildSettings = {
				ALWAYS_EMBED_SWIFT_STANDARD_LIBRARIES = YES;
				BUNDLE_LOADER = "$(TEST_HOST)";
				CODE_SIGN_STYLE = Automatic;
				CURRENT_PROJECT_VERSION = 1;
				GENERATE_INFOPLIST_FILE = YES;
				IPHONEOS_DEPLOYMENT_TARGET = 17.2;
				MARKETING_VERSION = 1.0;
				PRODUCT_BUNDLE_IDENTIFIER = com.tr.CashBookTests;
				PRODUCT_NAME = "$(TARGET_NAME)";
				SWIFT_EMIT_LOC_STRINGS = NO;
				SWIFT_VERSION = 5.0;
				TARGETED_DEVICE_FAMILY = "1,2";
				TEST_HOST = "$(BUILT_PRODUCTS_DIR)/CashBook.app/$(BUNDLE_EXECUTABLE_FOLDER_PATH)/CashBook";
			};
			name = Release;
		};
		C4DD569E2B5EA64A0066D8A2 /* Debug */ = {
			isa = XCBuildConfiguration;
			baseConfigurationReference = E11BE994206F34EB5573FD96 /* Pods-CashBook-CashBookUITests.debug.xcconfig */;
			buildSettings = {
				ALWAYS_EMBED_SWIFT_STANDARD_LIBRARIES = YES;
				CODE_SIGN_STYLE = Automatic;
				CURRENT_PROJECT_VERSION = 1;
				GENERATE_INFOPLIST_FILE = YES;
				MARKETING_VERSION = 1.0;
				PRODUCT_BUNDLE_IDENTIFIER = com.tr.CashBookUITests;
				PRODUCT_NAME = "$(TARGET_NAME)";
				SWIFT_EMIT_LOC_STRINGS = NO;
				SWIFT_VERSION = 5.0;
				TARGETED_DEVICE_FAMILY = "1,2";
				TEST_TARGET_NAME = CashBook;
			};
			name = Debug;
		};
		C4DD569F2B5EA64A0066D8A2 /* Release */ = {
			isa = XCBuildConfiguration;
			baseConfigurationReference = 769845EF9834D1B5D4D751D9 /* Pods-CashBook-CashBookUITests.release.xcconfig */;
			buildSettings = {
				ALWAYS_EMBED_SWIFT_STANDARD_LIBRARIES = YES;
				CODE_SIGN_STYLE = Automatic;
				CURRENT_PROJECT_VERSION = 1;
				GENERATE_INFOPLIST_FILE = YES;
				MARKETING_VERSION = 1.0;
				PRODUCT_BUNDLE_IDENTIFIER = com.tr.CashBookUITests;
				PRODUCT_NAME = "$(TARGET_NAME)";
				SWIFT_EMIT_LOC_STRINGS = NO;
				SWIFT_VERSION = 5.0;
				TARGETED_DEVICE_FAMILY = "1,2";
				TEST_TARGET_NAME = CashBook;
			};
			name = Release;
		};
/* End XCBuildConfiguration section */

/* Begin XCConfigurationList section */
		C4DD566E2B5EA6470066D8A2 /* Build configuration list for PBXProject "CashBook" */ = {
			isa = XCConfigurationList;
			buildConfigurations = (
				C4DD56952B5EA64A0066D8A2 /* Debug */,
				C4DD56962B5EA64A0066D8A2 /* Release */,
			);
			defaultConfigurationIsVisible = 0;
			defaultConfigurationName = Release;
		};
		C4DD56972B5EA64A0066D8A2 /* Build configuration list for PBXNativeTarget "CashBook" */ = {
			isa = XCConfigurationList;
			buildConfigurations = (
				C4DD56982B5EA64A0066D8A2 /* Debug */,
				C4DD56992B5EA64A0066D8A2 /* Release */,
			);
			defaultConfigurationIsVisible = 0;
			defaultConfigurationName = Release;
		};
		C4DD569A2B5EA64A0066D8A2 /* Build configuration list for PBXNativeTarget "CashBookTests" */ = {
			isa = XCConfigurationList;
			buildConfigurations = (
				C4DD569B2B5EA64A0066D8A2 /* Debug */,
				C4DD569C2B5EA64A0066D8A2 /* Release */,
			);
			defaultConfigurationIsVisible = 0;
			defaultConfigurationName = Release;
		};
		C4DD569D2B5EA64A0066D8A2 /* Build configuration list for PBXNativeTarget "CashBookUITests" */ = {
			isa = XCConfigurationList;
			buildConfigurations = (
				C4DD569E2B5EA64A0066D8A2 /* Debug */,
				C4DD569F2B5EA64A0066D8A2 /* Release */,
			);
			defaultConfigurationIsVisible = 0;
			defaultConfigurationName = Release;
		};
/* End XCConfigurationList section */

/* Begin XCRemoteSwiftPackageReference section */
		C4CDEBC42B6D29EF005C6B6C /* XCRemoteSwiftPackageReference "firebase-ios-sdk" */ = {
			isa = XCRemoteSwiftPackageReference;
			repositoryURL = "https://github.com/firebase/firebase-ios-sdk";
			requirement = {
				kind = upToNextMajorVersion;
				minimumVersion = 10.20.0;
			};
		};
/* End XCRemoteSwiftPackageReference section */

/* Begin XCSwiftPackageProductDependency section */
		C4D1B0D02B6D2E9300B11032 /* FirebaseAnalytics */ = {
			isa = XCSwiftPackageProductDependency;
			package = C4CDEBC42B6D29EF005C6B6C /* XCRemoteSwiftPackageReference "firebase-ios-sdk" */;
			productName = FirebaseAnalytics;
		};
		C4D1B0D22B6D2E9300B11032 /* FirebaseAuth */ = {
			isa = XCSwiftPackageProductDependency;
			package = C4CDEBC42B6D29EF005C6B6C /* XCRemoteSwiftPackageReference "firebase-ios-sdk" */;
			productName = FirebaseAuth;
		};
		C4D1B0D42B6D2E9300B11032 /* FirebaseCrashlytics */ = {
			isa = XCSwiftPackageProductDependency;
			package = C4CDEBC42B6D29EF005C6B6C /* XCRemoteSwiftPackageReference "firebase-ios-sdk" */;
			productName = FirebaseCrashlytics;
		};
		C4D1B0D62B6D2E9300B11032 /* FirebaseDatabase */ = {
			isa = XCSwiftPackageProductDependency;
			package = C4CDEBC42B6D29EF005C6B6C /* XCRemoteSwiftPackageReference "firebase-ios-sdk" */;
			productName = FirebaseDatabase;
		};
		C4D1B0D82B6D2E9300B11032 /* FirebaseFirestore */ = {
			isa = XCSwiftPackageProductDependency;
			package = C4CDEBC42B6D29EF005C6B6C /* XCRemoteSwiftPackageReference "firebase-ios-sdk" */;
			productName = FirebaseFirestore;
		};
/* End XCSwiftPackageProductDependency section */
	};
	rootObject = C4DD566B2B5EA6470066D8A2 /* Project object */;
}
